// !$*UTF8*$!
{
	archiveVersion = 1;
	classes = {
	};
	objectVersion = 46;
	objects = {

/* Begin PBXBuildFile section */
		9CAEB7181D3E5AAD00CAC5F9 /* AppDelegate.swift in Sources */ = {isa = PBXBuildFile; fileRef = 9CAEB7171D3E5AAD00CAC5F9 /* AppDelegate.swift */; };
		9CAEB71A1D3E5AAD00CAC5F9 /* ViewController.swift in Sources */ = {isa = PBXBuildFile; fileRef = 9CAEB7191D3E5AAD00CAC5F9 /* ViewController.swift */; };
		9CAEB71D1D3E5AAD00CAC5F9 /* Main.storyboard in Resources */ = {isa = PBXBuildFile; fileRef = 9CAEB71B1D3E5AAD00CAC5F9 /* Main.storyboard */; };
		9CAEB7201D3E5AAD00CAC5F9 /* TimeLog.xcdatamodeld in Sources */ = {isa = PBXBuildFile; fileRef = 9CAEB71E1D3E5AAD00CAC5F9 /* TimeLog.xcdatamodeld */; };
		9CAEB7221D3E5AAD00CAC5F9 /* Assets.xcassets in Resources */ = {isa = PBXBuildFile; fileRef = 9CAEB7211D3E5AAD00CAC5F9 /* Assets.xcassets */; };
		9CAEB7251D3E5AAD00CAC5F9 /* LaunchScreen.storyboard in Resources */ = {isa = PBXBuildFile; fileRef = 9CAEB7231D3E5AAD00CAC5F9 /* LaunchScreen.storyboard */; };
/* End PBXBuildFile section */

/* Begin PBXFileReference section */
		9CAEB7141D3E5AAD00CAC5F9 /* TimeLog.app */ = {isa = PBXFileReference; explicitFileType = wrapper.application; includeInIndex = 0; path = TimeLog.app; sourceTree = BUILT_PRODUCTS_DIR; };
		9CAEB7171D3E5AAD00CAC5F9 /* AppDelegate.swift */ = {isa = PBXFileReference; lastKnownFileType = sourcecode.swift; path = AppDelegate.swift; sourceTree = "<group>"; };
		9CAEB7191D3E5AAD00CAC5F9 /* ViewController.swift */ = {isa = PBXFileReference; lastKnownFileType = sourcecode.swift; path = ViewController.swift; sourceTree = "<group>"; };
		9CAEB71C1D3E5AAD00CAC5F9 /* Base */ = {isa = PBXFileReference; lastKnownFileType = file.storyboard; name = Base; path = Base.lproj/Main.storyboard; sourceTree = "<group>"; };
		9CAEB71F1D3E5AAD00CAC5F9 /* TimeLog.xcdatamodel */ = {isa = PBXFileReference; lastKnownFileType = wrapper.xcdatamodel; path = TimeLog.xcdatamodel; sourceTree = "<group>"; };
		9CAEB7211D3E5AAD00CAC5F9 /* Assets.xcassets */ = {isa = PBXFileReference; lastKnownFileType = folder.assetcatalog; path = Assets.xcassets; sourceTree = "<group>"; };
		9CAEB7241D3E5AAD00CAC5F9 /* Base */ = {isa = PBXFileReference; lastKnownFileType = file.storyboard; name = Base; path = Base.lproj/LaunchScreen.storyboard; sourceTree = "<group>"; };
		9CAEB7261D3E5AAD00CAC5F9 /* Info.plist */ = {isa = PBXFileReference; lastKnownFileType = text.plist.xml; path = Info.plist; sourceTree = "<group>"; };
/* End PBXFileReference section */

/* Begin PBXFrameworksBuildPhase section */
		9CAEB7111D3E5AAC00CAC5F9 /* Frameworks */ = {
			isa = PBXFrameworksBuildPhase;
			buildActionMask = 2147483647;
			files = (
			);
			runOnlyForDeploymentPostprocessing = 0;
		};
/* End PBXFrameworksBuildPhase section */

/* Begin PBXGroup section */
		9CAEB70B1D3E5AAC00CAC5F9 = {
			isa = PBXGroup;
			children = (
				9CAEB7161D3E5AAD00CAC5F9 /* TimeLog */,
				9CAEB7151D3E5AAD00CAC5F9 /* Products */,
			);
			sourceTree = "<group>";
		};
		9CAEB7151D3E5AAD00CAC5F9 /* Products */ = {
			isa = PBXGroup;
			children = (
				9CAEB7141D3E5AAD00CAC5F9 /* TimeLog.app */,
			);
			name = Products;
			sourceTree = "<group>";
		};
		9CAEB7161D3E5AAD00CAC5F9 /* TimeLog */ = {
			isa = PBXGroup;
			children = (
				9CAEB7171D3E5AAD00CAC5F9 /* AppDelegate.swift */,
				9CAEB7191D3E5AAD00CAC5F9 /* ViewController.swift */,
				9CAEB71B1D3E5AAD00CAC5F9 /* Main.storyboard */,
				9CAEB7211D3E5AAD00CAC5F9 /* Assets.xcassets */,
				9CAEB7231D3E5AAD00CAC5F9 /* LaunchScreen.storyboard */,
				9CAEB7261D3E5AAD00CAC5F9 /* Info.plist */,
				9CAEB71E1D3E5AAD00CAC5F9 /* TimeLog.xcdatamodeld */,
			);
			path = TimeLog;
			sourceTree = "<group>";
		};
/* End PBXGroup section */

/* Begin PBXNativeTarget section */
		9CAEB7131D3E5AAC00CAC5F9 /* TimeLog */ = {
			isa = PBXNativeTarget;
			buildConfigurationList = 9CAEB7291D3E5AAD00CAC5F9 /* Build configuration list for PBXNativeTarget "TimeLog" */;
			buildPhases = (
				9CAEB7101D3E5AAC00CAC5F9 /* Sources */,
				9CAEB7111D3E5AAC00CAC5F9 /* Frameworks */,
				9CAEB7121D3E5AAC00CAC5F9 /* Resources */,
			);
			buildRules = (
			);
			dependencies = (
			);
			name = TimeLog;
			productName = TimeLog;
			productReference = 9CAEB7141D3E5AAD00CAC5F9 /* TimeLog.app */;
			productType = "com.apple.product-type.application";
		};
/* End PBXNativeTarget section */

/* Begin PBXProject section */
		9CAEB70C1D3E5AAC00CAC5F9 /* Project object */ = {
			isa = PBXProject;
			attributes = {
				LastSwiftUpdateCheck = 0730;
				LastUpgradeCheck = 0730;
				ORGANIZATIONNAME = MuBinHuang;
				TargetAttributes = {
					9CAEB7131D3E5AAC00CAC5F9 = {
						CreatedOnToolsVersion = 7.3.1;
						DevelopmentTeam = W6XAGW63EX;
					};
				};
			};
			buildConfigurationList = 9CAEB70F1D3E5AAC00CAC5F9 /* Build configuration list for PBXProject "TimeLog" */;
			compatibilityVersion = "Xcode 3.2";
			developmentRegion = English;
			hasScannedForEncodings = 0;
			knownRegions = (
				en,
				Base,
			);
			mainGroup = 9CAEB70B1D3E5AAC00CAC5F9;
			productRefGroup = 9CAEB7151D3E5AAD00CAC5F9 /* Products */;
			projectDirPath = "";
			projectRoot = "";
			targets = (
				9CAEB7131D3E5AAC00CAC5F9 /* TimeLog */,
			);
		};
/* End PBXProject section */

/* Begin PBXResourcesBuildPhase section */
		9CAEB7121D3E5AAC00CAC5F9 /* Resources */ = {
			isa = PBXResourcesBuildPhase;
			buildActionMask = 2147483647;
			files = (
				9CAEB7251D3E5AAD00CAC5F9 /* LaunchScreen.storyboard in Resources */,
				9CAEB7221D3E5AAD00CAC5F9 /* Assets.xcassets in Resources */,
				9CAEB71D1D3E5AAD00CAC5F9 /* Main.storyboard in Resources */,
			);
			runOnlyForDeploymentPostprocessing = 0;
		};
/* End PBXResourcesBuildPhase section */

/* Begin PBXSourcesBuildPhase section */
		9CAEB7101D3E5AAC00CAC5F9 /* Sources */ = {
			isa = PBXSourcesBuildPhase;
			buildActionMask = 2147483647;
			files = (
				9CAEB71A1D3E5AAD00CAC5F9 /* ViewController.swift in Sources */,
				9CAEB7181D3E5AAD00CAC5F9 /* AppDelegate.swift in Sources */,
				9CAEB7201D3E5AAD00CAC5F9 /* TimeLog.xcdatamodeld in Sources */,
			);
			runOnlyForDeploymentPostprocessing = 0;
		};
/* End PBXSourcesBuildPhase section */

/* Begin PBXVariantGroup section */
		9CAEB71B1D3E5AAD00CAC5F9 /* Main.storyboard */ = {
			isa = PBXVariantGroup;
			children = (
				9CAEB71C1D3E5AAD00CAC5F9 /* Base */,
			);
			name = Main.storyboard;
			sourceTree = "<group>";
		};
		9CAEB7231D3E5AAD00CAC5F9 /* LaunchScreen.storyboard */ = {
			isa = PBXVariantGroup;
			children = (
				9CAEB7241D3E5AAD00CAC5F9 /* Base */,
			);
			name = LaunchScreen.storyboard;
			sourceTree = "<group>";
		};
/* End PBXVariantGroup section */

/* Begin XCBuildConfiguration section */
		9CAEB7271D3E5AAD00CAC5F9 /* Debug */ = {
			isa = XCBuildConfiguration;
			buildSettings = {
				ALWAYS_SEARCH_USER_PATHS = NO;
				CLANG_ANALYZER_NONNULL = YES;
				CLANG_CXX_LANGUAGE_STANDARD = "gnu++0x";
				CLANG_CXX_LIBRARY = "libc++";
				CLANG_ENABLE_MODULES = YES;
				CLANG_ENABLE_OBJC_ARC = YES;
				CLANG_WARN_BOOL_CONVERSION = YES;
				CLANG_WARN_CONSTANT_CONVERSION = YES;
				CLANG_WARN_DIRECT_OBJC_ISA_USAGE = YES_ERROR;
				CLANG_WARN_EMPTY_BODY = YES;
				CLANG_WARN_ENUM_CONVERSION = YES;
				CLANG_WARN_INT_CONVERSION = YES;
				CLANG_WARN_OBJC_ROOT_CLASS = YES_ERROR;
				CLANG_WARN_UNREACHABLE_CODE = YES;
				CLANG_WARN__DUPLICATE_METHOD_MATCH = YES;
				"CODE_SIGN_IDENTITY[sdk=iphoneos*]" = "iPhone Developer";
				COPY_PHASE_STRIP = NO;
				DEBUG_INFORMATION_FORMAT = dwarf;
				ENABLE_STRICT_OBJC_MSGSEND = YES;
				ENABLE_TESTABILITY = YES;
				GCC_C_LANGUAGE_STANDARD = gnu99;
				GCC_DYNAMIC_NO_PIC = NO;
				GCC_NO_COMMON_BLOCKS = YES;
				GCC_OPTIMIZATION_LEVEL = 0;
				GCC_PREPROCESSOR_DEFINITIONS = (
					"DEBUG=1",
					"$(inherited)",
				);
				GCC_WARN_64_TO_32_BIT_CONVERSION = YES;
				GCC_WARN_ABOUT_RETURN_TYPE = YES_ERROR;
				GCC_WARN_UNDECLARED_SELECTOR = YES;
				GCC_WARN_UNINITIALIZED_AUTOS = YES_AGGRESSIVE;
				GCC_WARN_UNUSED_FUNCTION = YES;
				GCC_WARN_UNUSED_VARIABLE = YES;
				IPHONEOS_DEPLOYMENT_TARGET = 9.3;
				MTL_ENABLE_DEBUG_INFO = YES;
				ONLY_ACTIVE_ARCH = YES;
				SDKROOT = iphoneos;
				SWIFT_OPTIMIZATION_LEVEL = "-Onone";
			};
			name = Debug;
		};
		9CAEB7281D3E5AAD00CAC5F9 /* Release */ = {
			isa = XCBuildConfiguration;
			buildSettings = {
				ALWAYS_SEARCH_USER_PATHS = NO;
				CLANG_ANALYZER_NONNULL = YES;
				CLANG_CXX_LANGUAGE_STANDARD = "gnu++0x";
				CLANG_CXX_LIBRARY = "libc++";
				CLANG_ENABLE_MODULES = YES;
				CLANG_ENABLE_OBJC_ARC = YES;
				CLANG_WARN_BOOL_CONVERSION = YES;
				CLANG_WARN_CONSTANT_CONVERSION = YES;
				CLANG_WARN_DIRECT_OBJC_ISA_USAGE = YES_ERROR;
				CLANG_WARN_EMPTY_BODY = YES;
				CLANG_WARN_ENUM_CONVERSION = YES;
				CLANG_WARN_INT_CONVERSION = YES;
				CLANG_WARN_OBJC_ROOT_CLASS = YES_ERROR;
				CLANG_WARN_UNREACHABLE_CODE = YES;
				CLANG_WARN__DUPLICATE_METHOD_MATCH = YES;
				"CODE_SIGN_IDENTITY[sdk=iphoneos*]" = "iPhone Developer";
				COPY_PHASE_STRIP = NO;
				DEBUG_INFORMATION_FORMAT = "dwarf-with-dsym";
				ENABLE_NS_ASSERTIONS = NO;
				ENABLE_STRICT_OBJC_MSGSEND = YES;
				GCC_C_LANGUAGE_STANDARD = gnu99;
				GCC_NO_COMMON_BLOCKS = YES;
				GCC_WARN_64_TO_32_BIT_CONVERSION = YES;
				GCC_WARN_ABOUT_RETURN_TYPE = YES_ERROR;
				GCC_WARN_UNDECLARED_SELECTOR = YES;
				GCC_WARN_UNINITIALIZED_AUTOS = YES_AGGRESSIVE;
				GCC_WARN_UNUSED_FUNCTION = YES;
				GCC_WARN_UNUSED_VARIABLE = YES;
				IPHONEOS_DEPLOYMENT_TARGET = 9.3;
				MTL_ENABLE_DEBUG_INFO = NO;
				SDKROOT = iphoneos;
				VALIDATE_PRODUCT = YES;
			};
			name = Release;
		};
		9CAEB72A1D3E5AAD00CAC5F9 /* Debug */ = {
			isa = XCBuildConfiguration;
			buildSettings = {
				ASSETCATALOG_COMPILER_APPICON_NAME = AppIcon;
				CODE_SIGN_IDENTITY = "iPhone Developer";
				INFOPLIST_FILE = TimeLog/Info.plist;
				LD_RUNPATH_SEARCH_PATHS = "$(inherited) @executable_path/Frameworks";
				PRODUCT_BUNDLE_IDENTIFIER = Myron.TimeLog;
				PRODUCT_NAME = "$(TARGET_NAME)";
			};
			name = Debug;
		};
		9CAEB72B1D3E5AAD00CAC5F9 /* Release */ = {
			isa = XCBuildConfiguration;
			buildSettings = {
				ASSETCATALOG_COMPILER_APPICON_NAME = AppIcon;
				CODE_SIGN_IDENTITY = "iPhone Developer";
				INFOPLIST_FILE = TimeLog/Info.plist;
				LD_RUNPATH_SEARCH_PATHS = "$(inherited) @executable_path/Frameworks";
				PRODUCT_BUNDLE_IDENTIFIER = Myron.TimeLog;
				PRODUCT_NAME = "$(TARGET_NAME)";
			};
			name = Release;
		};
/* End XCBuildConfiguration section */

/* Begin XCConfigurationList section */
		9CAEB70F1D3E5AAC00CAC5F9 /* Build configuration list for PBXProject "TimeLog" */ = {
			isa = XCConfigurationList;
			buildConfigurations = (
				9CAEB7271D3E5AAD00CAC5F9 /* Debug */,
				9CAEB7281D3E5AAD00CAC5F9 /* Release */,
			);
			defaultConfigurationIsVisible = 0;
			defaultConfigurationName = Release;
		};
		9CAEB7291D3E5AAD00CAC5F9 /* Build configuration list for PBXNativeTarget "TimeLog" */ = {
			isa = XCConfigurationList;
			buildConfigurations = (
				9CAEB72A1D3E5AAD00CAC5F9 /* Debug */,
				9CAEB72B1D3E5AAD00CAC5F9 /* Release */,
			);
			defaultConfigurationIsVisible = 0;
		};
/* End XCConfigurationList section */

/* Begin XCVersionGroup section */
		9CAEB71E1D3E5AAD00CAC5F9 /* TimeLog.xcdatamodeld */ = {
			isa = XCVersionGroup;
			children = (
				9CAEB71F1D3E5AAD00CAC5F9 /* TimeLog.xcdatamodel */,
			);
			currentVersion = 9CAEB71F1D3E5AAD00CAC5F9 /* TimeLog.xcdatamodel */;
			path = TimeLog.xcdatamodeld;
			sourceTree = "<group>";
			versionGroupType = wrapper.xcdatamodel;
		};
/* End XCVersionGroup section */
	};
	rootObject = 9CAEB70C1D3E5AAC00CAC5F9 /* Project object */;
}
