// !$*UTF8*$!
{
	archiveVersion = 1;
	classes = {
	};
	objectVersion = 46;
	objects = {

/* Begin PBXBuildFile section */
		9CAEB7181D3E5AAD00CAC5F9 /* AppDelegate.swift in Sources */ = {isa = PBXBuildFile; fileRef = 9CAEB7171D3E5AAD00CAC5F9 /* AppDelegate.swift */; };
		9CAEB71D1D3E5AAD00CAC5F9 /* Main.storyboard in Resources */ = {isa = PBXBuildFile; fileRef = 9CAEB71B1D3E5AAD00CAC5F9 /* Main.storyboard */; };
		9CAEB7201D3E5AAD00CAC5F9 /* TimeLog.xcdatamodeld in Sources */ = {isa = PBXBuildFile; fileRef = 9CAEB71E1D3E5AAD00CAC5F9 /* TimeLog.xcdatamodeld */; };
		9CAEB7221D3E5AAD00CAC5F9 /* Assets.xcassets in Resources */ = {isa = PBXBuildFile; fileRef = 9CAEB7211D3E5AAD00CAC5F9 /* Assets.xcassets */; };
		9CAEB7251D3E5AAD00CAC5F9 /* LaunchScreen.storyboard in Resources */ = {isa = PBXBuildFile; fileRef = 9CAEB7231D3E5AAD00CAC5F9 /* LaunchScreen.storyboard */; };
		B1356F391D4060CD00408130 /* Plan+CoreDataProperties.swift in Sources */ = {isa = PBXBuildFile; fileRef = B1356F351D4060CD00408130 /* Plan+CoreDataProperties.swift */; };
		B1356F3A1D4060CD00408130 /* Plan.swift in Sources */ = {isa = PBXBuildFile; fileRef = B1356F361D4060CD00408130 /* Plan.swift */; };
		B1356F3B1D4060CD00408130 /* Log+CoreDataProperties.swift in Sources */ = {isa = PBXBuildFile; fileRef = B1356F371D4060CD00408130 /* Log+CoreDataProperties.swift */; };
		B1356F3C1D4060CD00408130 /* Log.swift in Sources */ = {isa = PBXBuildFile; fileRef = B1356F381D4060CD00408130 /* Log.swift */; };
		B1356F401D40616100408130 /* Clock.swift in Sources */ = {isa = PBXBuildFile; fileRef = B1356F3D1D40616100408130 /* Clock.swift */; };
		B1356F411D40616100408130 /* CoreData.swift in Sources */ = {isa = PBXBuildFile; fileRef = B1356F3E1D40616100408130 /* CoreData.swift */; };
		B1356F421D40616100408130 /* Drawer.swift in Sources */ = {isa = PBXBuildFile; fileRef = B1356F3F1D40616100408130 /* Drawer.swift */; };
		B1356F441D4061B700408130 /* AppTint.swift in Sources */ = {isa = PBXBuildFile; fileRef = B1356F431D4061B700408130 /* AppTint.swift */; };
		B18949501D420A2E007CB5D0 /* LogEditorController.swift in Sources */ = {isa = PBXBuildFile; fileRef = B189494F1D420A2E007CB5D0 /* LogEditorController.swift */; };
		B18949521D420A50007CB5D0 /* LogController.swift in Sources */ = {isa = PBXBuildFile; fileRef = B18949511D420A50007CB5D0 /* LogController.swift */; };
		B194B4821D40A75E00780687 /* NavigationController.swift in Sources */ = {isa = PBXBuildFile; fileRef = B194B4811D40A75E00780687 /* NavigationController.swift */; };
		B194B4841D40A81C00780687 /* PlanController.swift in Sources */ = {isa = PBXBuildFile; fileRef = B194B4831D40A81C00780687 /* PlanController.swift */; };
		B194B4861D40A85900780687 /* PlanListCell.swift in Sources */ = {isa = PBXBuildFile; fileRef = B194B4851D40A85900780687 /* PlanListCell.swift */; };
		B194B4881D40A87700780687 /* View.swift in Sources */ = {isa = PBXBuildFile; fileRef = B194B4871D40A87700780687 /* View.swift */; };
		B194B48A1D40A89600780687 /* Button.swift in Sources */ = {isa = PBXBuildFile; fileRef = B194B4891D40A89600780687 /* Button.swift */; };
		B194B48C1D40B60A00780687 /* PlanEditorController.swift in Sources */ = {isa = PBXBuildFile; fileRef = B194B48B1D40B60A00780687 /* PlanEditorController.swift */; };
		B194B48E1D40B63400780687 /* AppData.swift in Sources */ = {isa = PBXBuildFile; fileRef = B194B48D1D40B63400780687 /* AppData.swift */; };
		B194B4911D40B93900780687 /* TextField.swift in Sources */ = {isa = PBXBuildFile; fileRef = B194B48F1D40B93900780687 /* TextField.swift */; };
		B194B4921D40B93900780687 /* TextView.swift in Sources */ = {isa = PBXBuildFile; fileRef = B194B4901D40B93900780687 /* TextView.swift */; };
		B194B4941D40C90800780687 /* PlanTimeChoicerController.swift in Sources */ = {isa = PBXBuildFile; fileRef = B194B4931D40C90800780687 /* PlanTimeChoicerController.swift */; };
		B194B4961D40CBE000780687 /* Notification.swift in Sources */ = {isa = PBXBuildFile; fileRef = B194B4951D40CBE000780687 /* Notification.swift */; };
/* End PBXBuildFile section */

/* Begin PBXFileReference section */
		9CAEB7141D3E5AAD00CAC5F9 /* TimeLog.app */ = {isa = PBXFileReference; explicitFileType = wrapper.application; includeInIndex = 0; path = TimeLog.app; sourceTree = BUILT_PRODUCTS_DIR; };
		9CAEB7171D3E5AAD00CAC5F9 /* AppDelegate.swift */ = {isa = PBXFileReference; lastKnownFileType = sourcecode.swift; path = AppDelegate.swift; sourceTree = "<group>"; };
		9CAEB71C1D3E5AAD00CAC5F9 /* Base */ = {isa = PBXFileReference; lastKnownFileType = file.storyboard; name = Base; path = Base.lproj/Main.storyboard; sourceTree = "<group>"; };
		9CAEB71F1D3E5AAD00CAC5F9 /* TimeLog.xcdatamodel */ = {isa = PBXFileReference; lastKnownFileType = wrapper.xcdatamodel; path = TimeLog.xcdatamodel; sourceTree = "<group>"; };
		9CAEB7211D3E5AAD00CAC5F9 /* Assets.xcassets */ = {isa = PBXFileReference; lastKnownFileType = folder.assetcatalog; path = Assets.xcassets; sourceTree = "<group>"; };
		9CAEB7241D3E5AAD00CAC5F9 /* Base */ = {isa = PBXFileReference; lastKnownFileType = file.storyboard; name = Base; path = Base.lproj/LaunchScreen.storyboard; sourceTree = "<group>"; };
		9CAEB7261D3E5AAD00CAC5F9 /* Info.plist */ = {isa = PBXFileReference; lastKnownFileType = text.plist.xml; path = Info.plist; sourceTree = "<group>"; };
		B1356F351D4060CD00408130 /* Plan+CoreDataProperties.swift */ = {isa = PBXFileReference; fileEncoding = 4; lastKnownFileType = sourcecode.swift; path = "Plan+CoreDataProperties.swift"; sourceTree = "<group>"; };
		B1356F361D4060CD00408130 /* Plan.swift */ = {isa = PBXFileReference; fileEncoding = 4; lastKnownFileType = sourcecode.swift; path = Plan.swift; sourceTree = "<group>"; };
		B1356F371D4060CD00408130 /* Log+CoreDataProperties.swift */ = {isa = PBXFileReference; fileEncoding = 4; lastKnownFileType = sourcecode.swift; path = "Log+CoreDataProperties.swift"; sourceTree = "<group>"; };
		B1356F381D4060CD00408130 /* Log.swift */ = {isa = PBXFileReference; fileEncoding = 4; lastKnownFileType = sourcecode.swift; path = Log.swift; sourceTree = "<group>"; };
		B1356F3D1D40616100408130 /* Clock.swift */ = {isa = PBXFileReference; fileEncoding = 4; lastKnownFileType = sourcecode.swift; path = Clock.swift; sourceTree = "<group>"; };
		B1356F3E1D40616100408130 /* CoreData.swift */ = {isa = PBXFileReference; fileEncoding = 4; lastKnownFileType = sourcecode.swift; path = CoreData.swift; sourceTree = "<group>"; };
		B1356F3F1D40616100408130 /* Drawer.swift */ = {isa = PBXFileReference; fileEncoding = 4; lastKnownFileType = sourcecode.swift; path = Drawer.swift; sourceTree = "<group>"; };
		B1356F431D4061B700408130 /* AppTint.swift */ = {isa = PBXFileReference; fileEncoding = 4; lastKnownFileType = sourcecode.swift; path = AppTint.swift; sourceTree = "<group>"; };
		B189494F1D420A2E007CB5D0 /* LogEditorController.swift */ = {isa = PBXFileReference; fileEncoding = 4; lastKnownFileType = sourcecode.swift; path = LogEditorController.swift; sourceTree = "<group>"; };
		B18949511D420A50007CB5D0 /* LogController.swift */ = {isa = PBXFileReference; fileEncoding = 4; lastKnownFileType = sourcecode.swift; path = LogController.swift; sourceTree = "<group>"; };
		B194B4811D40A75E00780687 /* NavigationController.swift */ = {isa = PBXFileReference; fileEncoding = 4; lastKnownFileType = sourcecode.swift; path = NavigationController.swift; sourceTree = "<group>"; };
		B194B4831D40A81C00780687 /* PlanController.swift */ = {isa = PBXFileReference; fileEncoding = 4; lastKnownFileType = sourcecode.swift; path = PlanController.swift; sourceTree = "<group>"; };
		B194B4851D40A85900780687 /* PlanListCell.swift */ = {isa = PBXFileReference; fileEncoding = 4; lastKnownFileType = sourcecode.swift; path = PlanListCell.swift; sourceTree = "<group>"; };
		B194B4871D40A87700780687 /* View.swift */ = {isa = PBXFileReference; fileEncoding = 4; lastKnownFileType = sourcecode.swift; path = View.swift; sourceTree = "<group>"; };
		B194B4891D40A89600780687 /* Button.swift */ = {isa = PBXFileReference; fileEncoding = 4; lastKnownFileType = sourcecode.swift; path = Button.swift; sourceTree = "<group>"; };
		B194B48B1D40B60A00780687 /* PlanEditorController.swift */ = {isa = PBXFileReference; fileEncoding = 4; lastKnownFileType = sourcecode.swift; path = PlanEditorController.swift; sourceTree = "<group>"; };
		B194B48D1D40B63400780687 /* AppData.swift */ = {isa = PBXFileReference; fileEncoding = 4; lastKnownFileType = sourcecode.swift; path = AppData.swift; sourceTree = "<group>"; };
		B194B48F1D40B93900780687 /* TextField.swift */ = {isa = PBXFileReference; fileEncoding = 4; lastKnownFileType = sourcecode.swift; path = TextField.swift; sourceTree = "<group>"; };
		B194B4901D40B93900780687 /* TextView.swift */ = {isa = PBXFileReference; fileEncoding = 4; lastKnownFileType = sourcecode.swift; path = TextView.swift; sourceTree = "<group>"; };
		B194B4931D40C90800780687 /* PlanTimeChoicerController.swift */ = {isa = PBXFileReference; fileEncoding = 4; lastKnownFileType = sourcecode.swift; path = PlanTimeChoicerController.swift; sourceTree = "<group>"; };
		B194B4951D40CBE000780687 /* Notification.swift */ = {isa = PBXFileReference; fileEncoding = 4; lastKnownFileType = sourcecode.swift; path = Notification.swift; sourceTree = "<group>"; };
/* End PBXFileReference section */

/* Begin PBXFrameworksBuildPhase section */
		9CAEB7111D3E5AAC00CAC5F9 /* Frameworks */ = {
			isa = PBXFrameworksBuildPhase;
			buildActionMask = 2147483647;
			files = (
			);
			runOnlyForDeploymentPostprocessing = 0;
		};
/* End PBXFrameworksBuildPhase section */

/* Begin PBXGroup section */
		9CAEB70B1D3E5AAC00CAC5F9 = {
			isa = PBXGroup;
			children = (
				9CAEB7161D3E5AAD00CAC5F9 /* TimeLog */,
				9CAEB7151D3E5AAD00CAC5F9 /* Products */,
			);
			sourceTree = "<group>";
		};
		9CAEB7151D3E5AAD00CAC5F9 /* Products */ = {
			isa = PBXGroup;
			children = (
				9CAEB7141D3E5AAD00CAC5F9 /* TimeLog.app */,
			);
			name = Products;
			sourceTree = "<group>";
		};
		9CAEB7161D3E5AAD00CAC5F9 /* TimeLog */ = {
			isa = PBXGroup;
			children = (
				B1356F2E1D405FB100408130 /* Day */,
				B1356F2F1D405FB100408130 /* Global */,
				B1356F301D405FB100408130 /* InterfaceParts */,
				B194B4801D40A73E00780687 /* Navigation */,
				B1356F311D405FB100408130 /* Log */,
				B1356F321D405FB100408130 /* Plan */,
				B1356F331D405FB100408130 /* Protocols */,
				B1356F341D405FB100408130 /* Tools */,
				B1356F2D1D405E0900408130 /* AppDelegate */,
				B1356F2C1D405E0900408130 /* Info */,
				B1356F2B1D405E0800408130 /* Resources */,
			);
			path = TimeLog;
			sourceTree = "<group>";
		};
		B1356F2B1D405E0800408130 /* Resources */ = {
			isa = PBXGroup;
			children = (
				9CAEB71B1D3E5AAD00CAC5F9 /* Main.storyboard */,
				9CAEB7211D3E5AAD00CAC5F9 /* Assets.xcassets */,
				9CAEB7231D3E5AAD00CAC5F9 /* LaunchScreen.storyboard */,
				9CAEB71E1D3E5AAD00CAC5F9 /* TimeLog.xcdatamodeld */,
			);
			name = Resources;
			sourceTree = "<group>";
		};
		B1356F2C1D405E0900408130 /* Info */ = {
			isa = PBXGroup;
			children = (
				9CAEB7261D3E5AAD00CAC5F9 /* Info.plist */,
			);
			name = Info;
			sourceTree = "<group>";
		};
		B1356F2D1D405E0900408130 /* AppDelegate */ = {
			isa = PBXGroup;
			children = (
				9CAEB7171D3E5AAD00CAC5F9 /* AppDelegate.swift */,
			);
			name = AppDelegate;
			sourceTree = "<group>";
		};
		B1356F2E1D405FB100408130 /* Day */ = {
			isa = PBXGroup;
			children = (
			);
			path = Day;
			sourceTree = "<group>";
		};
		B1356F2F1D405FB100408130 /* Global */ = {
			isa = PBXGroup;
			children = (
				B1356F361D4060CD00408130 /* Plan.swift */,
				B1356F381D4060CD00408130 /* Log.swift */,
				B1356F351D4060CD00408130 /* Plan+CoreDataProperties.swift */,
				B1356F371D4060CD00408130 /* Log+CoreDataProperties.swift */,
				B1356F431D4061B700408130 /* AppTint.swift */,
				B194B48D1D40B63400780687 /* AppData.swift */,
			);
			path = Global;
			sourceTree = "<group>";
		};
		B1356F301D405FB100408130 /* InterfaceParts */ = {
			isa = PBXGroup;
			children = (
				B194B4871D40A87700780687 /* View.swift */,
				B194B4891D40A89600780687 /* Button.swift */,
				B194B48F1D40B93900780687 /* TextField.swift */,
				B194B4901D40B93900780687 /* TextView.swift */,
			);
			path = InterfaceParts;
			sourceTree = "<group>";
		};
		B1356F311D405FB100408130 /* Log */ = {
			isa = PBXGroup;
			children = (
				B18949511D420A50007CB5D0 /* LogController.swift */,
				B189494F1D420A2E007CB5D0 /* LogEditorController.swift */,
			);
			path = Log;
			sourceTree = "<group>";
		};
		B1356F321D405FB100408130 /* Plan */ = {
			isa = PBXGroup;
			children = (
				B194B4831D40A81C00780687 /* PlanController.swift */,
				B194B4851D40A85900780687 /* PlanListCell.swift */,
				B194B48B1D40B60A00780687 /* PlanEditorController.swift */,
				B194B4931D40C90800780687 /* PlanTimeChoicerController.swift */,
			);
			path = Plan;
			sourceTree = "<group>";
		};
		B1356F331D405FB100408130 /* Protocols */ = {
			isa = PBXGroup;
			children = (
			);
			path = Protocols;
			sourceTree = "<group>";
		};
		B1356F341D405FB100408130 /* Tools */ = {
			isa = PBXGroup;
			children = (
				B1356F3D1D40616100408130 /* Clock.swift */,
				B1356F3E1D40616100408130 /* CoreData.swift */,
				B1356F3F1D40616100408130 /* Drawer.swift */,
				B194B4951D40CBE000780687 /* Notification.swift */,
			);
			path = Tools;
			sourceTree = "<group>";
		};
		B194B4801D40A73E00780687 /* Navigation */ = {
			isa = PBXGroup;
			children = (
				B194B4811D40A75E00780687 /* NavigationController.swift */,
			);
			path = Navigation;
			sourceTree = "<group>";
		};
/* End PBXGroup section */

/* Begin PBXNativeTarget section */
		9CAEB7131D3E5AAC00CAC5F9 /* TimeLog */ = {
			isa = PBXNativeTarget;
			buildConfigurationList = 9CAEB7291D3E5AAD00CAC5F9 /* Build configuration list for PBXNativeTarget "TimeLog" */;
			buildPhases = (
				9CAEB7101D3E5AAC00CAC5F9 /* Sources */,
				9CAEB7111D3E5AAC00CAC5F9 /* Frameworks */,
				9CAEB7121D3E5AAC00CAC5F9 /* Resources */,
			);
			buildRules = (
			);
			dependencies = (
			);
			name = TimeLog;
			productName = TimeLog;
			productReference = 9CAEB7141D3E5AAD00CAC5F9 /* TimeLog.app */;
			productType = "com.apple.product-type.application";
		};
/* End PBXNativeTarget section */

/* Begin PBXProject section */
		9CAEB70C1D3E5AAC00CAC5F9 /* Project object */ = {
			isa = PBXProject;
			attributes = {
				LastSwiftUpdateCheck = 0730;
				LastUpgradeCheck = 0730;
				ORGANIZATIONNAME = MuBinHuang;
				TargetAttributes = {
					9CAEB7131D3E5AAC00CAC5F9 = {
						CreatedOnToolsVersion = 7.3.1;
						DevelopmentTeam = W6XAGW63EX;
					};
				};
			};
			buildConfigurationList = 9CAEB70F1D3E5AAC00CAC5F9 /* Build configuration list for PBXProject "TimeLog" */;
			compatibilityVersion = "Xcode 3.2";
			developmentRegion = English;
			hasScannedForEncodings = 0;
			knownRegions = (
				en,
				Base,
			);
			mainGroup = 9CAEB70B1D3E5AAC00CAC5F9;
			productRefGroup = 9CAEB7151D3E5AAD00CAC5F9 /* Products */;
			projectDirPath = "";
			projectRoot = "";
			targets = (
				9CAEB7131D3E5AAC00CAC5F9 /* TimeLog */,
			);
		};
/* End PBXProject section */

/* Begin PBXResourcesBuildPhase section */
		9CAEB7121D3E5AAC00CAC5F9 /* Resources */ = {
			isa = PBXResourcesBuildPhase;
			buildActionMask = 2147483647;
			files = (
				9CAEB7251D3E5AAD00CAC5F9 /* LaunchScreen.storyboard in Resources */,
				9CAEB7221D3E5AAD00CAC5F9 /* Assets.xcassets in Resources */,
				9CAEB71D1D3E5AAD00CAC5F9 /* Main.storyboard in Resources */,
			);
			runOnlyForDeploymentPostprocessing = 0;
		};
/* End PBXResourcesBuildPhase section */

/* Begin PBXSourcesBuildPhase section */
		9CAEB7101D3E5AAC00CAC5F9 /* Sources */ = {
			isa = PBXSourcesBuildPhase;
			buildActionMask = 2147483647;
			files = (
				B194B4821D40A75E00780687 /* NavigationController.swift in Sources */,
				B1356F3A1D4060CD00408130 /* Plan.swift in Sources */,
				B194B4861D40A85900780687 /* PlanListCell.swift in Sources */,
				B1356F3B1D4060CD00408130 /* Log+CoreDataProperties.swift in Sources */,
				B1356F3C1D4060CD00408130 /* Log.swift in Sources */,
				B18949501D420A2E007CB5D0 /* LogEditorController.swift in Sources */,
				B1356F401D40616100408130 /* Clock.swift in Sources */,
				B1356F441D4061B700408130 /* AppTint.swift in Sources */,
				B1356F421D40616100408130 /* Drawer.swift in Sources */,
				B1356F411D40616100408130 /* CoreData.swift in Sources */,
				B194B4941D40C90800780687 /* PlanTimeChoicerController.swift in Sources */,
				B18949521D420A50007CB5D0 /* LogController.swift in Sources */,
				B1356F391D4060CD00408130 /* Plan+CoreDataProperties.swift in Sources */,
				B194B48A1D40A89600780687 /* Button.swift in Sources */,
				B194B48C1D40B60A00780687 /* PlanEditorController.swift in Sources */,
				9CAEB7181D3E5AAD00CAC5F9 /* AppDelegate.swift in Sources */,
				B194B48E1D40B63400780687 /* AppData.swift in Sources */,
				B194B4841D40A81C00780687 /* PlanController.swift in Sources */,
				B194B4911D40B93900780687 /* TextField.swift in Sources */,
				B194B4961D40CBE000780687 /* Notification.swift in Sources */,
				B194B4881D40A87700780687 /* View.swift in Sources */,
				B194B4921D40B93900780687 /* TextView.swift in Sources */,
				9CAEB7201D3E5AAD00CAC5F9 /* TimeLog.xcdatamodeld in Sources */,
			);
			runOnlyForDeploymentPostprocessing = 0;
		};
/* End PBXSourcesBuildPhase section */

/* Begin PBXVariantGroup section */
		9CAEB71B1D3E5AAD00CAC5F9 /* Main.storyboard */ = {
			isa = PBXVariantGroup;
			children = (
				9CAEB71C1D3E5AAD00CAC5F9 /* Base */,
			);
			name = Main.storyboard;
			sourceTree = "<group>";
		};
		9CAEB7231D3E5AAD00CAC5F9 /* LaunchScreen.storyboard */ = {
			isa = PBXVariantGroup;
			children = (
				9CAEB7241D3E5AAD00CAC5F9 /* Base */,
			);
			name = LaunchScreen.storyboard;
			sourceTree = "<group>";
		};
/* End PBXVariantGroup section */

/* Begin XCBuildConfiguration section */
		9CAEB7271D3E5AAD00CAC5F9 /* Debug */ = {
			isa = XCBuildConfiguration;
			buildSettings = {
				ALWAYS_SEARCH_USER_PATHS = NO;
				CLANG_ANALYZER_NONNULL = YES;
				CLANG_CXX_LANGUAGE_STANDARD = "gnu++0x";
				CLANG_CXX_LIBRARY = "libc++";
				CLANG_ENABLE_MODULES = YES;
				CLANG_ENABLE_OBJC_ARC = YES;
				CLANG_WARN_BOOL_CONVERSION = YES;
				CLANG_WARN_CONSTANT_CONVERSION = YES;
				CLANG_WARN_DIRECT_OBJC_ISA_USAGE = YES_ERROR;
				CLANG_WARN_EMPTY_BODY = YES;
				CLANG_WARN_ENUM_CONVERSION = YES;
				CLANG_WARN_INT_CONVERSION = YES;
				CLANG_WARN_OBJC_ROOT_CLASS = YES_ERROR;
				CLANG_WARN_UNREACHABLE_CODE = YES;
				CLANG_WARN__DUPLICATE_METHOD_MATCH = YES;
				"CODE_SIGN_IDENTITY[sdk=iphoneos*]" = "iPhone Developer";
				COPY_PHASE_STRIP = NO;
				DEBUG_INFORMATION_FORMAT = dwarf;
				ENABLE_STRICT_OBJC_MSGSEND = YES;
				ENABLE_TESTABILITY = YES;
				GCC_C_LANGUAGE_STANDARD = gnu99;
				GCC_DYNAMIC_NO_PIC = NO;
				GCC_NO_COMMON_BLOCKS = YES;
				GCC_OPTIMIZATION_LEVEL = 0;
				GCC_PREPROCESSOR_DEFINITIONS = (
					"DEBUG=1",
					"$(inherited)",
				);
				GCC_WARN_64_TO_32_BIT_CONVERSION = YES;
				GCC_WARN_ABOUT_RETURN_TYPE = YES_ERROR;
				GCC_WARN_UNDECLARED_SELECTOR = YES;
				GCC_WARN_UNINITIALIZED_AUTOS = YES_AGGRESSIVE;
				GCC_WARN_UNUSED_FUNCTION = YES;
				GCC_WARN_UNUSED_VARIABLE = YES;
				IPHONEOS_DEPLOYMENT_TARGET = 9.3;
				MTL_ENABLE_DEBUG_INFO = YES;
				ONLY_ACTIVE_ARCH = YES;
				SDKROOT = iphoneos;
				SWIFT_OPTIMIZATION_LEVEL = "-Onone";
			};
			name = Debug;
		};
		9CAEB7281D3E5AAD00CAC5F9 /* Release */ = {
			isa = XCBuildConfiguration;
			buildSettings = {
				ALWAYS_SEARCH_USER_PATHS = NO;
				CLANG_ANALYZER_NONNULL = YES;
				CLANG_CXX_LANGUAGE_STANDARD = "gnu++0x";
				CLANG_CXX_LIBRARY = "libc++";
				CLANG_ENABLE_MODULES = YES;
				CLANG_ENABLE_OBJC_ARC = YES;
				CLANG_WARN_BOOL_CONVERSION = YES;
				CLANG_WARN_CONSTANT_CONVERSION = YES;
				CLANG_WARN_DIRECT_OBJC_ISA_USAGE = YES_ERROR;
				CLANG_WARN_EMPTY_BODY = YES;
				CLANG_WARN_ENUM_CONVERSION = YES;
				CLANG_WARN_INT_CONVERSION = YES;
				CLANG_WARN_OBJC_ROOT_CLASS = YES_ERROR;
				CLANG_WARN_UNREACHABLE_CODE = YES;
				CLANG_WARN__DUPLICATE_METHOD_MATCH = YES;
				"CODE_SIGN_IDENTITY[sdk=iphoneos*]" = "iPhone Developer";
				COPY_PHASE_STRIP = NO;
				DEBUG_INFORMATION_FORMAT = "dwarf-with-dsym";
				ENABLE_NS_ASSERTIONS = NO;
				ENABLE_STRICT_OBJC_MSGSEND = YES;
				GCC_C_LANGUAGE_STANDARD = gnu99;
				GCC_NO_COMMON_BLOCKS = YES;
				GCC_WARN_64_TO_32_BIT_CONVERSION = YES;
				GCC_WARN_ABOUT_RETURN_TYPE = YES_ERROR;
				GCC_WARN_UNDECLARED_SELECTOR = YES;
				GCC_WARN_UNINITIALIZED_AUTOS = YES_AGGRESSIVE;
				GCC_WARN_UNUSED_FUNCTION = YES;
				GCC_WARN_UNUSED_VARIABLE = YES;
				IPHONEOS_DEPLOYMENT_TARGET = 9.3;
				MTL_ENABLE_DEBUG_INFO = NO;
				SDKROOT = iphoneos;
				VALIDATE_PRODUCT = YES;
			};
			name = Release;
		};
		9CAEB72A1D3E5AAD00CAC5F9 /* Debug */ = {
			isa = XCBuildConfiguration;
			buildSettings = {
				ASSETCATALOG_COMPILER_APPICON_NAME = AppIcon;
				CODE_SIGN_IDENTITY = "iPhone Developer";
				INFOPLIST_FILE = TimeLog/Info.plist;
				LD_RUNPATH_SEARCH_PATHS = "$(inherited) @executable_path/Frameworks";
				PRODUCT_BUNDLE_IDENTIFIER = Myron.TimeLog;
				PRODUCT_NAME = "$(TARGET_NAME)";
			};
			name = Debug;
		};
		9CAEB72B1D3E5AAD00CAC5F9 /* Release */ = {
			isa = XCBuildConfiguration;
			buildSettings = {
				ASSETCATALOG_COMPILER_APPICON_NAME = AppIcon;
				CODE_SIGN_IDENTITY = "iPhone Developer";
				INFOPLIST_FILE = TimeLog/Info.plist;
				LD_RUNPATH_SEARCH_PATHS = "$(inherited) @executable_path/Frameworks";
				PRODUCT_BUNDLE_IDENTIFIER = Myron.TimeLog;
				PRODUCT_NAME = "$(TARGET_NAME)";
			};
			name = Release;
		};
/* End XCBuildConfiguration section */

/* Begin XCConfigurationList section */
		9CAEB70F1D3E5AAC00CAC5F9 /* Build configuration list for PBXProject "TimeLog" */ = {
			isa = XCConfigurationList;
			buildConfigurations = (
				9CAEB7271D3E5AAD00CAC5F9 /* Debug */,
				9CAEB7281D3E5AAD00CAC5F9 /* Release */,
			);
			defaultConfigurationIsVisible = 0;
			defaultConfigurationName = Release;
		};
		9CAEB7291D3E5AAD00CAC5F9 /* Build configuration list for PBXNativeTarget "TimeLog" */ = {
			isa = XCConfigurationList;
			buildConfigurations = (
				9CAEB72A1D3E5AAD00CAC5F9 /* Debug */,
				9CAEB72B1D3E5AAD00CAC5F9 /* Release */,
			);
			defaultConfigurationIsVisible = 0;
			defaultConfigurationName = Release;
		};
/* End XCConfigurationList section */

/* Begin XCVersionGroup section */
		9CAEB71E1D3E5AAD00CAC5F9 /* TimeLog.xcdatamodeld */ = {
			isa = XCVersionGroup;
			children = (
				9CAEB71F1D3E5AAD00CAC5F9 /* TimeLog.xcdatamodel */,
			);
			currentVersion = 9CAEB71F1D3E5AAD00CAC5F9 /* TimeLog.xcdatamodel */;
			path = TimeLog.xcdatamodeld;
			sourceTree = "<group>";
			versionGroupType = wrapper.xcdatamodel;
		};
/* End XCVersionGroup section */
	};
	rootObject = 9CAEB70C1D3E5AAC00CAC5F9 /* Project object */;
}
